// !$*UTF8*$!
{
	archiveVersion = 1;
	classes = {
	};
	objectVersion = 48;
	objects = {

/* Begin PBXBuildFile section */
		17E6D21D0F8C2A7B371E0EA7 /* Pods_MyGifsKit_MyGifsKitTests.framework in Frameworks */ = {isa = PBXBuildFile; fileRef = 0460F7437033D42B5B7078BF /* Pods_MyGifsKit_MyGifsKitTests.framework */; };
		9326FDE42018408D00A87134 /* MyGifsKit.framework in Frameworks */ = {isa = PBXBuildFile; fileRef = 9326FDDA2018408D00A87134 /* MyGifsKit.framework */; };
		9326FDE92018408D00A87134 /* MyGifsKitTests.swift in Sources */ = {isa = PBXBuildFile; fileRef = 9326FDE82018408D00A87134 /* MyGifsKitTests.swift */; };
		9326FDEB2018408D00A87134 /* MyGifsKit.h in Headers */ = {isa = PBXBuildFile; fileRef = 9326FDDD2018408D00A87134 /* MyGifsKit.h */; settings = {ATTRIBUTES = (Public, ); }; };
		9326FDFB201840B100A87134 /* GfyModel.swift in Sources */ = {isa = PBXBuildFile; fileRef = 9326FDF4201840B000A87134 /* GfyModel.swift */; };
		9326FDFC201840B100A87134 /* URL.swift in Sources */ = {isa = PBXBuildFile; fileRef = 9326FDF5201840B000A87134 /* URL.swift */; };
		9326FDFD201840B100A87134 /* WebService.swift in Sources */ = {isa = PBXBuildFile; fileRef = 9326FDF6201840B000A87134 /* WebService.swift */; };
		9326FDFE201840B100A87134 /* Protocols.swift in Sources */ = {isa = PBXBuildFile; fileRef = 9326FDF7201840B000A87134 /* Protocols.swift */; };
		9326FDFF201840B100A87134 /* GfyTagFeedModel.swift in Sources */ = {isa = PBXBuildFile; fileRef = 9326FDF8201840B000A87134 /* GfyTagFeedModel.swift */; };
		9326FE00201840B100A87134 /* Constants.swift in Sources */ = {isa = PBXBuildFile; fileRef = 9326FDF9201840B000A87134 /* Constants.swift */; };
		9326FE01201840B100A87134 /* GfyUserFeedModel.swift in Sources */ = {isa = PBXBuildFile; fileRef = 9326FDFA201840B000A87134 /* GfyUserFeedModel.swift */; };
		93DB7C86202744B100E7C303 /* GfyCollectionNodeController.swift in Sources */ = {isa = PBXBuildFile; fileRef = 93DB7C83202744B000E7C303 /* GfyCollectionNodeController.swift */; };
		93DB7C87202744B100E7C303 /* GifCollectionNode.swift in Sources */ = {isa = PBXBuildFile; fileRef = 93DB7C84202744B100E7C303 /* GifCollectionNode.swift */; };
		93DB7C88202744B100E7C303 /* MosaicCollectionViewLayout.swift in Sources */ = {isa = PBXBuildFile; fileRef = 93DB7C85202744B100E7C303 /* MosaicCollectionViewLayout.swift */; };
		A1D5B3884859F0F7DA49B92E /* Pods_MyGifsKit.framework in Frameworks */ = {isa = PBXBuildFile; fileRef = 3B810F64097D525C0E274028 /* Pods_MyGifsKit.framework */; };
/* End PBXBuildFile section */

/* Begin PBXContainerItemProxy section */
		9326FDE52018408D00A87134 /* PBXContainerItemProxy */ = {
			isa = PBXContainerItemProxy;
			containerPortal = 9326FDD12018408D00A87134 /* Project object */;
			proxyType = 1;
			remoteGlobalIDString = 9326FDD92018408D00A87134;
			remoteInfo = MyGifsKit;
		};
/* End PBXContainerItemProxy section */

/* Begin PBXFileReference section */
		0460F7437033D42B5B7078BF /* Pods_MyGifsKit_MyGifsKitTests.framework */ = {isa = PBXFileReference; explicitFileType = wrapper.framework; includeInIndex = 0; path = Pods_MyGifsKit_MyGifsKitTests.framework; sourceTree = BUILT_PRODUCTS_DIR; };
		3B810F64097D525C0E274028 /* Pods_MyGifsKit.framework */ = {isa = PBXFileReference; explicitFileType = wrapper.framework; includeInIndex = 0; path = Pods_MyGifsKit.framework; sourceTree = BUILT_PRODUCTS_DIR; };
		4502E114410BC715D09C1AD8 /* Pods-MyGifsKit-MyGifsKitTests.release.xcconfig */ = {isa = PBXFileReference; includeInIndex = 1; lastKnownFileType = text.xcconfig; name = "Pods-MyGifsKit-MyGifsKitTests.release.xcconfig"; path = "../Pods/Target Support Files/Pods-MyGifsKit-MyGifsKitTests/Pods-MyGifsKit-MyGifsKitTests.release.xcconfig"; sourceTree = "<group>"; };
		6437E19A8A8209B875C15AA6 /* Pods-MyGifsKit-MyGifsKitTests.debug.xcconfig */ = {isa = PBXFileReference; includeInIndex = 1; lastKnownFileType = text.xcconfig; name = "Pods-MyGifsKit-MyGifsKitTests.debug.xcconfig"; path = "../Pods/Target Support Files/Pods-MyGifsKit-MyGifsKitTests/Pods-MyGifsKit-MyGifsKitTests.debug.xcconfig"; sourceTree = "<group>"; };
		8E81A8B844E2F9F13D7D9F36 /* Pods-MyGifsKit.release.xcconfig */ = {isa = PBXFileReference; includeInIndex = 1; lastKnownFileType = text.xcconfig; name = "Pods-MyGifsKit.release.xcconfig"; path = "../Pods/Target Support Files/Pods-MyGifsKit/Pods-MyGifsKit.release.xcconfig"; sourceTree = "<group>"; };
		92F6533155B7ADD73108687F /* Pods-MyGifsKit.debug.xcconfig */ = {isa = PBXFileReference; includeInIndex = 1; lastKnownFileType = text.xcconfig; name = "Pods-MyGifsKit.debug.xcconfig"; path = "../Pods/Target Support Files/Pods-MyGifsKit/Pods-MyGifsKit.debug.xcconfig"; sourceTree = "<group>"; };
		9326FDDA2018408D00A87134 /* MyGifsKit.framework */ = {isa = PBXFileReference; explicitFileType = wrapper.framework; includeInIndex = 0; path = MyGifsKit.framework; sourceTree = BUILT_PRODUCTS_DIR; };
		9326FDDD2018408D00A87134 /* MyGifsKit.h */ = {isa = PBXFileReference; lastKnownFileType = sourcecode.c.h; path = MyGifsKit.h; sourceTree = "<group>"; };
		9326FDDE2018408D00A87134 /* Info.plist */ = {isa = PBXFileReference; lastKnownFileType = text.plist.xml; path = Info.plist; sourceTree = "<group>"; };
		9326FDE32018408D00A87134 /* MyGifsKitTests.xctest */ = {isa = PBXFileReference; explicitFileType = wrapper.cfbundle; includeInIndex = 0; path = MyGifsKitTests.xctest; sourceTree = BUILT_PRODUCTS_DIR; };
		9326FDE82018408D00A87134 /* MyGifsKitTests.swift */ = {isa = PBXFileReference; lastKnownFileType = sourcecode.swift; path = MyGifsKitTests.swift; sourceTree = "<group>"; };
		9326FDEA2018408D00A87134 /* Info.plist */ = {isa = PBXFileReference; lastKnownFileType = text.plist.xml; path = Info.plist; sourceTree = "<group>"; };
		9326FDF4201840B000A87134 /* GfyModel.swift */ = {isa = PBXFileReference; fileEncoding = 4; lastKnownFileType = sourcecode.swift; path = GfyModel.swift; sourceTree = "<group>"; };
		9326FDF5201840B000A87134 /* URL.swift */ = {isa = PBXFileReference; fileEncoding = 4; lastKnownFileType = sourcecode.swift; path = URL.swift; sourceTree = "<group>"; };
		9326FDF6201840B000A87134 /* WebService.swift */ = {isa = PBXFileReference; fileEncoding = 4; lastKnownFileType = sourcecode.swift; path = WebService.swift; sourceTree = "<group>"; };
		9326FDF7201840B000A87134 /* Protocols.swift */ = {isa = PBXFileReference; fileEncoding = 4; lastKnownFileType = sourcecode.swift; path = Protocols.swift; sourceTree = "<group>"; };
		9326FDF8201840B000A87134 /* GfyTagFeedModel.swift */ = {isa = PBXFileReference; fileEncoding = 4; lastKnownFileType = sourcecode.swift; path = GfyTagFeedModel.swift; sourceTree = "<group>"; };
		9326FDF9201840B000A87134 /* Constants.swift */ = {isa = PBXFileReference; fileEncoding = 4; lastKnownFileType = sourcecode.swift; path = Constants.swift; sourceTree = "<group>"; };
		9326FDFA201840B000A87134 /* GfyUserFeedModel.swift */ = {isa = PBXFileReference; fileEncoding = 4; lastKnownFileType = sourcecode.swift; path = GfyUserFeedModel.swift; sourceTree = "<group>"; };
		93DB7C83202744B000E7C303 /* GfyCollectionNodeController.swift */ = {isa = PBXFileReference; fileEncoding = 4; lastKnownFileType = sourcecode.swift; path = GfyCollectionNodeController.swift; sourceTree = "<group>"; };
		93DB7C84202744B100E7C303 /* GifCollectionNode.swift */ = {isa = PBXFileReference; fileEncoding = 4; lastKnownFileType = sourcecode.swift; path = GifCollectionNode.swift; sourceTree = "<group>"; };
		93DB7C85202744B100E7C303 /* MosaicCollectionViewLayout.swift */ = {isa = PBXFileReference; fileEncoding = 4; lastKnownFileType = sourcecode.swift; path = MosaicCollectionViewLayout.swift; sourceTree = "<group>"; };
/* End PBXFileReference section */

/* Begin PBXFrameworksBuildPhase section */
		9326FDD62018408D00A87134 /* Frameworks */ = {
			isa = PBXFrameworksBuildPhase;
			buildActionMask = 2147483647;
			files = (
				A1D5B3884859F0F7DA49B92E /* Pods_MyGifsKit.framework in Frameworks */,
			);
			runOnlyForDeploymentPostprocessing = 0;
		};
		9326FDE02018408D00A87134 /* Frameworks */ = {
			isa = PBXFrameworksBuildPhase;
			buildActionMask = 2147483647;
			files = (
				9326FDE42018408D00A87134 /* MyGifsKit.framework in Frameworks */,
				17E6D21D0F8C2A7B371E0EA7 /* Pods_MyGifsKit_MyGifsKitTests.framework in Frameworks */,
			);
			runOnlyForDeploymentPostprocessing = 0;
		};
/* End PBXFrameworksBuildPhase section */

/* Begin PBXGroup section */
		5E27247D95D6698EF291A399 /* Pods */ = {
			isa = PBXGroup;
			children = (
				92F6533155B7ADD73108687F /* Pods-MyGifsKit.debug.xcconfig */,
				8E81A8B844E2F9F13D7D9F36 /* Pods-MyGifsKit.release.xcconfig */,
				6437E19A8A8209B875C15AA6 /* Pods-MyGifsKit-MyGifsKitTests.debug.xcconfig */,
				4502E114410BC715D09C1AD8 /* Pods-MyGifsKit-MyGifsKitTests.release.xcconfig */,
			);
			name = Pods;
			sourceTree = "<group>";
		};
		6781A3BE8DC7326952FCCE03 /* Frameworks */ = {
			isa = PBXGroup;
			children = (
				3B810F64097D525C0E274028 /* Pods_MyGifsKit.framework */,
				0460F7437033D42B5B7078BF /* Pods_MyGifsKit_MyGifsKitTests.framework */,
			);
			name = Frameworks;
			sourceTree = "<group>";
		};
		9326FDD02018408D00A87134 = {
			isa = PBXGroup;
			children = (
				9326FDDC2018408D00A87134 /* MyGifsKit */,
				9326FDE72018408D00A87134 /* MyGifsKitTests */,
				9326FDDB2018408D00A87134 /* Products */,
				5E27247D95D6698EF291A399 /* Pods */,
				6781A3BE8DC7326952FCCE03 /* Frameworks */,
			);
			sourceTree = "<group>";
		};
		9326FDDB2018408D00A87134 /* Products */ = {
			isa = PBXGroup;
			children = (
				9326FDDA2018408D00A87134 /* MyGifsKit.framework */,
				9326FDE32018408D00A87134 /* MyGifsKitTests.xctest */,
			);
			name = Products;
			sourceTree = "<group>";
		};
		9326FDDC2018408D00A87134 /* MyGifsKit */ = {
			isa = PBXGroup;
			children = (
				93DB7C7A2025E95800E7C303 /* Project Items */,
				9326FDF9201840B000A87134 /* Constants.swift */,
				9326FDF7201840B000A87134 /* Protocols.swift */,
				9326FDF5201840B000A87134 /* URL.swift */,
				9326FDF6201840B000A87134 /* WebService.swift */,
				93DB7C89202744B700E7C303 /* View */,
				93DB7C792025E89700E7C303 /* Models */,
			);
			path = MyGifsKit;
			sourceTree = "<group>";
		};
		9326FDE72018408D00A87134 /* MyGifsKitTests */ = {
			isa = PBXGroup;
			children = (
				9326FDE82018408D00A87134 /* MyGifsKitTests.swift */,
				9326FDEA2018408D00A87134 /* Info.plist */,
			);
			path = MyGifsKitTests;
			sourceTree = "<group>";
		};
		93DB7C792025E89700E7C303 /* Models */ = {
			isa = PBXGroup;
			children = (
				9326FDF4201840B000A87134 /* GfyModel.swift */,
				9326FDFA201840B000A87134 /* GfyUserFeedModel.swift */,
				9326FDF8201840B000A87134 /* GfyTagFeedModel.swift */,
			);
			path = Models;
			sourceTree = "<group>";
		};
		93DB7C7A2025E95800E7C303 /* Project Items */ = {
			isa = PBXGroup;
			children = (
				9326FDDD2018408D00A87134 /* MyGifsKit.h */,
				9326FDDE2018408D00A87134 /* Info.plist */,
			);
			name = "Project Items";
			sourceTree = "<group>";
		};
		93DB7C89202744B700E7C303 /* View */ = {
			isa = PBXGroup;
			children = (
				93DB7C83202744B000E7C303 /* GfyCollectionNodeController.swift */,
				93DB7C84202744B100E7C303 /* GifCollectionNode.swift */,
				93DB7C85202744B100E7C303 /* MosaicCollectionViewLayout.swift */,
			);
			path = View;
			sourceTree = "<group>";
		};
/* End PBXGroup section */

/* Begin PBXHeadersBuildPhase section */
		9326FDD72018408D00A87134 /* Headers */ = {
			isa = PBXHeadersBuildPhase;
			buildActionMask = 2147483647;
			files = (
				9326FDEB2018408D00A87134 /* MyGifsKit.h in Headers */,
			);
			runOnlyForDeploymentPostprocessing = 0;
		};
/* End PBXHeadersBuildPhase section */

/* Begin PBXNativeTarget section */
		9326FDD92018408D00A87134 /* MyGifsKit */ = {
			isa = PBXNativeTarget;
			buildConfigurationList = 9326FDEE2018408D00A87134 /* Build configuration list for PBXNativeTarget "MyGifsKit" */;
			buildPhases = (
				550505DA4335BE399CCD31C5 /* [CP] Check Pods Manifest.lock */,
				9326FDD52018408D00A87134 /* Sources */,
				9326FDD62018408D00A87134 /* Frameworks */,
				9326FDD72018408D00A87134 /* Headers */,
				9326FDD82018408D00A87134 /* Resources */,
				9CD1D48AEE274698CC3DA078 /* [CP] Copy Pods Resources */,
			);
			buildRules = (
			);
			dependencies = (
			);
			name = MyGifsKit;
			productName = MyGifsKit;
			productReference = 9326FDDA2018408D00A87134 /* MyGifsKit.framework */;
			productType = "com.apple.product-type.framework";
		};
		9326FDE22018408D00A87134 /* MyGifsKitTests */ = {
			isa = PBXNativeTarget;
			buildConfigurationList = 9326FDF12018408D00A87134 /* Build configuration list for PBXNativeTarget "MyGifsKitTests" */;
			buildPhases = (
				5FCAC97CD35DD54798249A69 /* [CP] Check Pods Manifest.lock */,
				9326FDDF2018408D00A87134 /* Sources */,
				9326FDE02018408D00A87134 /* Frameworks */,
				9326FDE12018408D00A87134 /* Resources */,
				D28D173E7E4B1518081D37D1 /* [CP] Embed Pods Frameworks */,
				4A42DCE0B09FBA83F0208E42 /* [CP] Copy Pods Resources */,
			);
			buildRules = (
			);
			dependencies = (
				9326FDE62018408D00A87134 /* PBXTargetDependency */,
			);
			name = MyGifsKitTests;
			productName = MyGifsKitTests;
			productReference = 9326FDE32018408D00A87134 /* MyGifsKitTests.xctest */;
			productType = "com.apple.product-type.bundle.unit-test";
		};
/* End PBXNativeTarget section */

/* Begin PBXProject section */
		9326FDD12018408D00A87134 /* Project object */ = {
			isa = PBXProject;
			attributes = {
				LastSwiftUpdateCheck = 0920;
				LastUpgradeCheck = 0920;
				ORGANIZATIONNAME = "Aaron Rosenberger";
				TargetAttributes = {
					9326FDD92018408D00A87134 = {
						CreatedOnToolsVersion = 9.2;
						LastSwiftMigration = 0920;
						ProvisioningStyle = Automatic;
					};
					9326FDE22018408D00A87134 = {
						CreatedOnToolsVersion = 9.2;
						ProvisioningStyle = Automatic;
					};
				};
			};
			buildConfigurationList = 9326FDD42018408D00A87134 /* Build configuration list for PBXProject "MyGifsKit" */;
			compatibilityVersion = "Xcode 8.0";
			developmentRegion = en;
			hasScannedForEncodings = 0;
			knownRegions = (
				en,
			);
			mainGroup = 9326FDD02018408D00A87134;
			productRefGroup = 9326FDDB2018408D00A87134 /* Products */;
			projectDirPath = "";
			projectRoot = "";
			targets = (
				9326FDD92018408D00A87134 /* MyGifsKit */,
				9326FDE22018408D00A87134 /* MyGifsKitTests */,
			);
		};
/* End PBXProject section */

/* Begin PBXResourcesBuildPhase section */
		9326FDD82018408D00A87134 /* Resources */ = {
			isa = PBXResourcesBuildPhase;
			buildActionMask = 2147483647;
			files = (
			);
			runOnlyForDeploymentPostprocessing = 0;
		};
		9326FDE12018408D00A87134 /* Resources */ = {
			isa = PBXResourcesBuildPhase;
			buildActionMask = 2147483647;
			files = (
			);
			runOnlyForDeploymentPostprocessing = 0;
		};
/* End PBXResourcesBuildPhase section */

/* Begin PBXShellScriptBuildPhase section */
		4A42DCE0B09FBA83F0208E42 /* [CP] Copy Pods Resources */ = {
			isa = PBXShellScriptBuildPhase;
			buildActionMask = 2147483647;
			files = (
			);
			inputPaths = (
			);
			name = "[CP] Copy Pods Resources";
			outputPaths = (
			);
			runOnlyForDeploymentPostprocessing = 0;
			shellPath = /bin/sh;
			shellScript = "\"${SRCROOT}/../Pods/Target Support Files/Pods-MyGifsKit-MyGifsKitTests/Pods-MyGifsKit-MyGifsKitTests-resources.sh\"\n";
			showEnvVarsInLog = 0;
		};
		550505DA4335BE399CCD31C5 /* [CP] Check Pods Manifest.lock */ = {
			isa = PBXShellScriptBuildPhase;
			buildActionMask = 2147483647;
			files = (
			);
			inputPaths = (
				"${PODS_PODFILE_DIR_PATH}/Podfile.lock",
				"${PODS_ROOT}/Manifest.lock",
			);
			name = "[CP] Check Pods Manifest.lock";
			outputPaths = (
				"$(DERIVED_FILE_DIR)/Pods-MyGifsKit-checkManifestLockResult.txt",
			);
			runOnlyForDeploymentPostprocessing = 0;
			shellPath = /bin/sh;
			shellScript = "diff \"${PODS_PODFILE_DIR_PATH}/Podfile.lock\" \"${PODS_ROOT}/Manifest.lock\" > /dev/null\nif [ $? != 0 ] ; then\n    # print error to STDERR\n    echo \"error: The sandbox is not in sync with the Podfile.lock. Run 'pod install' or update your CocoaPods installation.\" >&2\n    exit 1\nfi\n# This output is used by Xcode 'outputs' to avoid re-running this script phase.\necho \"SUCCESS\" > \"${SCRIPT_OUTPUT_FILE_0}\"\n";
			showEnvVarsInLog = 0;
		};
		5FCAC97CD35DD54798249A69 /* [CP] Check Pods Manifest.lock */ = {
			isa = PBXShellScriptBuildPhase;
			buildActionMask = 2147483647;
			files = (
			);
			inputPaths = (
				"${PODS_PODFILE_DIR_PATH}/Podfile.lock",
				"${PODS_ROOT}/Manifest.lock",
			);
			name = "[CP] Check Pods Manifest.lock";
			outputPaths = (
				"$(DERIVED_FILE_DIR)/Pods-MyGifsKit-MyGifsKitTests-checkManifestLockResult.txt",
			);
			runOnlyForDeploymentPostprocessing = 0;
			shellPath = /bin/sh;
			shellScript = "diff \"${PODS_PODFILE_DIR_PATH}/Podfile.lock\" \"${PODS_ROOT}/Manifest.lock\" > /dev/null\nif [ $? != 0 ] ; then\n    # print error to STDERR\n    echo \"error: The sandbox is not in sync with the Podfile.lock. Run 'pod install' or update your CocoaPods installation.\" >&2\n    exit 1\nfi\n# This output is used by Xcode 'outputs' to avoid re-running this script phase.\necho \"SUCCESS\" > \"${SCRIPT_OUTPUT_FILE_0}\"\n";
			showEnvVarsInLog = 0;
		};
		9CD1D48AEE274698CC3DA078 /* [CP] Copy Pods Resources */ = {
			isa = PBXShellScriptBuildPhase;
			buildActionMask = 2147483647;
			files = (
			);
			inputPaths = (
			);
			name = "[CP] Copy Pods Resources";
			outputPaths = (
			);
			runOnlyForDeploymentPostprocessing = 0;
			shellPath = /bin/sh;
			shellScript = "\"${SRCROOT}/../Pods/Target Support Files/Pods-MyGifsKit/Pods-MyGifsKit-resources.sh\"\n";
			showEnvVarsInLog = 0;
		};
		D28D173E7E4B1518081D37D1 /* [CP] Embed Pods Frameworks */ = {
			isa = PBXShellScriptBuildPhase;
			buildActionMask = 2147483647;
			files = (
			);
			inputPaths = (
				"${SRCROOT}/../Pods/Target Support Files/Pods-MyGifsKit-MyGifsKitTests/Pods-MyGifsKit-MyGifsKitTests-frameworks.sh",
				"${BUILT_PRODUCTS_DIR}/PINCache/PINCache.framework",
				"${BUILT_PRODUCTS_DIR}/PINOperation/PINOperation.framework",
				"${BUILT_PRODUCTS_DIR}/PINRemoteImage/PINRemoteImage.framework",
				"${BUILT_PRODUCTS_DIR}/Texture/AsyncDisplayKit.framework",
			);
			name = "[CP] Embed Pods Frameworks";
			outputPaths = (
				"${TARGET_BUILD_DIR}/${FRAMEWORKS_FOLDER_PATH}/PINCache.framework",
				"${TARGET_BUILD_DIR}/${FRAMEWORKS_FOLDER_PATH}/PINOperation.framework",
				"${TARGET_BUILD_DIR}/${FRAMEWORKS_FOLDER_PATH}/PINRemoteImage.framework",
				"${TARGET_BUILD_DIR}/${FRAMEWORKS_FOLDER_PATH}/AsyncDisplayKit.framework",
			);
			runOnlyForDeploymentPostprocessing = 0;
			shellPath = /bin/sh;
			shellScript = "\"${SRCROOT}/../Pods/Target Support Files/Pods-MyGifsKit-MyGifsKitTests/Pods-MyGifsKit-MyGifsKitTests-frameworks.sh\"\n";
			showEnvVarsInLog = 0;
		};
/* End PBXShellScriptBuildPhase section */

/* Begin PBXSourcesBuildPhase section */
		9326FDD52018408D00A87134 /* Sources */ = {
			isa = PBXSourcesBuildPhase;
			buildActionMask = 2147483647;
			files = (
				93DB7C88202744B100E7C303 /* MosaicCollectionViewLayout.swift in Sources */,
				93DB7C86202744B100E7C303 /* GfyCollectionNodeController.swift in Sources */,
				9326FE01201840B100A87134 /* GfyUserFeedModel.swift in Sources */,
				9326FDFF201840B100A87134 /* GfyTagFeedModel.swift in Sources */,
				93DB7C87202744B100E7C303 /* GifCollectionNode.swift in Sources */,
				9326FDFD201840B100A87134 /* WebService.swift in Sources */,
				9326FDFE201840B100A87134 /* Protocols.swift in Sources */,
				9326FDFB201840B100A87134 /* GfyModel.swift in Sources */,
				9326FDFC201840B100A87134 /* URL.swift in Sources */,
				9326FE00201840B100A87134 /* Constants.swift in Sources */,
			);
			runOnlyForDeploymentPostprocessing = 0;
		};
		9326FDDF2018408D00A87134 /* Sources */ = {
			isa = PBXSourcesBuildPhase;
			buildActionMask = 2147483647;
			files = (
				9326FDE92018408D00A87134 /* MyGifsKitTests.swift in Sources */,
			);
			runOnlyForDeploymentPostprocessing = 0;
		};
/* End PBXSourcesBuildPhase section */

/* Begin PBXTargetDependency section */
		9326FDE62018408D00A87134 /* PBXTargetDependency */ = {
			isa = PBXTargetDependency;
			target = 9326FDD92018408D00A87134 /* MyGifsKit */;
			targetProxy = 9326FDE52018408D00A87134 /* PBXContainerItemProxy */;
		};
/* End PBXTargetDependency section */

/* Begin XCBuildConfiguration section */
		9326FDEC2018408D00A87134 /* Debug */ = {
			isa = XCBuildConfiguration;
			buildSettings = {
				ALWAYS_SEARCH_USER_PATHS = NO;
				CLANG_ANALYZER_NONNULL = YES;
				CLANG_ANALYZER_NUMBER_OBJECT_CONVERSION = YES_AGGRESSIVE;
				CLANG_CXX_LANGUAGE_STANDARD = "gnu++14";
				CLANG_CXX_LIBRARY = "libc++";
				CLANG_ENABLE_MODULES = YES;
				CLANG_ENABLE_OBJC_ARC = YES;
				CLANG_WARN_BLOCK_CAPTURE_AUTORELEASING = YES;
				CLANG_WARN_BOOL_CONVERSION = YES;
				CLANG_WARN_COMMA = YES;
				CLANG_WARN_CONSTANT_CONVERSION = YES;
				CLANG_WARN_DIRECT_OBJC_ISA_USAGE = YES_ERROR;
				CLANG_WARN_DOCUMENTATION_COMMENTS = YES;
				CLANG_WARN_EMPTY_BODY = YES;
				CLANG_WARN_ENUM_CONVERSION = YES;
				CLANG_WARN_INFINITE_RECURSION = YES;
				CLANG_WARN_INT_CONVERSION = YES;
				CLANG_WARN_NON_LITERAL_NULL_CONVERSION = YES;
				CLANG_WARN_OBJC_LITERAL_CONVERSION = YES;
				CLANG_WARN_OBJC_ROOT_CLASS = YES_ERROR;
				CLANG_WARN_RANGE_LOOP_ANALYSIS = YES;
				CLANG_WARN_STRICT_PROTOTYPES = YES;
				CLANG_WARN_SUSPICIOUS_MOVE = YES;
				CLANG_WARN_UNGUARDED_AVAILABILITY = YES_AGGRESSIVE;
				CLANG_WARN_UNREACHABLE_CODE = YES;
				CLANG_WARN__DUPLICATE_METHOD_MATCH = YES;
				CODE_SIGN_IDENTITY = "iPhone Developer";
				COPY_PHASE_STRIP = NO;
				CURRENT_PROJECT_VERSION = 1;
				DEBUG_INFORMATION_FORMAT = dwarf;
				ENABLE_STRICT_OBJC_MSGSEND = YES;
				ENABLE_TESTABILITY = YES;
				GCC_C_LANGUAGE_STANDARD = gnu11;
				GCC_DYNAMIC_NO_PIC = NO;
				GCC_NO_COMMON_BLOCKS = YES;
				GCC_OPTIMIZATION_LEVEL = 0;
				GCC_PREPROCESSOR_DEFINITIONS = (
					"DEBUG=1",
					"$(inherited)",
				);
				GCC_WARN_64_TO_32_BIT_CONVERSION = YES;
				GCC_WARN_ABOUT_RETURN_TYPE = YES_ERROR;
				GCC_WARN_UNDECLARED_SELECTOR = YES;
				GCC_WARN_UNINITIALIZED_AUTOS = YES_AGGRESSIVE;
				GCC_WARN_UNUSED_FUNCTION = YES;
				GCC_WARN_UNUSED_VARIABLE = YES;
				IPHONEOS_DEPLOYMENT_TARGET = 11.2;
				MTL_ENABLE_DEBUG_INFO = YES;
				ONLY_ACTIVE_ARCH = YES;
				SDKROOT = iphoneos;
				SWIFT_ACTIVE_COMPILATION_CONDITIONS = DEBUG;
				SWIFT_OPTIMIZATION_LEVEL = "-Onone";
				VERSIONING_SYSTEM = "apple-generic";
				VERSION_INFO_PREFIX = "";
			};
			name = Debug;
		};
		9326FDED2018408D00A87134 /* Release */ = {
			isa = XCBuildConfiguration;
			buildSettings = {
				ALWAYS_SEARCH_USER_PATHS = NO;
				CLANG_ANALYZER_NONNULL = YES;
				CLANG_ANALYZER_NUMBER_OBJECT_CONVERSION = YES_AGGRESSIVE;
				CLANG_CXX_LANGUAGE_STANDARD = "gnu++14";
				CLANG_CXX_LIBRARY = "libc++";
				CLANG_ENABLE_MODULES = YES;
				CLANG_ENABLE_OBJC_ARC = YES;
				CLANG_WARN_BLOCK_CAPTURE_AUTORELEASING = YES;
				CLANG_WARN_BOOL_CONVERSION = YES;
				CLANG_WARN_COMMA = YES;
				CLANG_WARN_CONSTANT_CONVERSION = YES;
				CLANG_WARN_DIRECT_OBJC_ISA_USAGE = YES_ERROR;
				CLANG_WARN_DOCUMENTATION_COMMENTS = YES;
				CLANG_WARN_EMPTY_BODY = YES;
				CLANG_WARN_ENUM_CONVERSION = YES;
				CLANG_WARN_INFINITE_RECURSION = YES;
				CLANG_WARN_INT_CONVERSION = YES;
				CLANG_WARN_NON_LITERAL_NULL_CONVERSION = YES;
				CLANG_WARN_OBJC_LITERAL_CONVERSION = YES;
				CLANG_WARN_OBJC_ROOT_CLASS = YES_ERROR;
				CLANG_WARN_RANGE_LOOP_ANALYSIS = YES;
				CLANG_WARN_STRICT_PROTOTYPES = YES;
				CLANG_WARN_SUSPICIOUS_MOVE = YES;
				CLANG_WARN_UNGUARDED_AVAILABILITY = YES_AGGRESSIVE;
				CLANG_WARN_UNREACHABLE_CODE = YES;
				CLANG_WARN__DUPLICATE_METHOD_MATCH = YES;
				CODE_SIGN_IDENTITY = "iPhone Developer";
				COPY_PHASE_STRIP = NO;
				CURRENT_PROJECT_VERSION = 1;
				DEBUG_INFORMATION_FORMAT = "dwarf-with-dsym";
				ENABLE_NS_ASSERTIONS = NO;
				ENABLE_STRICT_OBJC_MSGSEND = YES;
				GCC_C_LANGUAGE_STANDARD = gnu11;
				GCC_NO_COMMON_BLOCKS = YES;
				GCC_WARN_64_TO_32_BIT_CONVERSION = YES;
				GCC_WARN_ABOUT_RETURN_TYPE = YES_ERROR;
				GCC_WARN_UNDECLARED_SELECTOR = YES;
				GCC_WARN_UNINITIALIZED_AUTOS = YES_AGGRESSIVE;
				GCC_WARN_UNUSED_FUNCTION = YES;
				GCC_WARN_UNUSED_VARIABLE = YES;
				IPHONEOS_DEPLOYMENT_TARGET = 11.2;
				MTL_ENABLE_DEBUG_INFO = NO;
				SDKROOT = iphoneos;
				SWIFT_OPTIMIZATION_LEVEL = "-Owholemodule";
				VALIDATE_PRODUCT = YES;
				VERSIONING_SYSTEM = "apple-generic";
				VERSION_INFO_PREFIX = "";
			};
			name = Release;
		};
		9326FDEF2018408D00A87134 /* Debug */ = {
			isa = XCBuildConfiguration;
			baseConfigurationReference = 92F6533155B7ADD73108687F /* Pods-MyGifsKit.debug.xcconfig */;
			buildSettings = {
				CLANG_ENABLE_MODULES = YES;
				CODE_SIGN_IDENTITY = "";
				CODE_SIGN_STYLE = Automatic;
				DEFINES_MODULE = YES;
				DEVELOPMENT_TEAM = 5WBGRJV88Z;
				DYLIB_COMPATIBILITY_VERSION = 1;
				DYLIB_CURRENT_VERSION = 1;
				DYLIB_INSTALL_NAME_BASE = "@rpath";
				INFOPLIST_FILE = MyGifsKit/Info.plist;
				INSTALL_PATH = "$(LOCAL_LIBRARY_DIR)/Frameworks";
				LD_RUNPATH_SEARCH_PATHS = "$(inherited) @executable_path/Frameworks @loader_path/Frameworks";
				PRODUCT_BUNDLE_IDENTIFIER = com.rosenberger.MyGifsKit;
				PRODUCT_NAME = "$(TARGET_NAME:c99extidentifier)";
				SKIP_INSTALL = YES;
				SWIFT_OPTIMIZATION_LEVEL = "-Onone";
				SWIFT_VERSION = 4.0;
				TARGETED_DEVICE_FAMILY = "1,2";
			};
			name = Debug;
		};
		9326FDF02018408D00A87134 /* Release */ = {
			isa = XCBuildConfiguration;
			baseConfigurationReference = 8E81A8B844E2F9F13D7D9F36 /* Pods-MyGifsKit.release.xcconfig */;
			buildSettings = {
				CLANG_ENABLE_MODULES = YES;
				CODE_SIGN_IDENTITY = "";
				CODE_SIGN_STYLE = Automatic;
				DEFINES_MODULE = YES;
				DEVELOPMENT_TEAM = 5WBGRJV88Z;
				DYLIB_COMPATIBILITY_VERSION = 1;
				DYLIB_CURRENT_VERSION = 1;
				DYLIB_INSTALL_NAME_BASE = "@rpath";
				INFOPLIST_FILE = MyGifsKit/Info.plist;
				INSTALL_PATH = "$(LOCAL_LIBRARY_DIR)/Frameworks";
				LD_RUNPATH_SEARCH_PATHS = "$(inherited) @executable_path/Frameworks @loader_path/Frameworks";
				PRODUCT_BUNDLE_IDENTIFIER = com.rosenberger.MyGifsKit;
				PRODUCT_NAME = "$(TARGET_NAME:c99extidentifier)";
				SKIP_INSTALL = YES;
				SWIFT_VERSION = 4.0;
				TARGETED_DEVICE_FAMILY = "1,2";
			};
			name = Release;
		};
		9326FDF22018408D00A87134 /* Debug */ = {
			isa = XCBuildConfiguration;
			baseConfigurationReference = 6437E19A8A8209B875C15AA6 /* Pods-MyGifsKit-MyGifsKitTests.debug.xcconfig */;
			buildSettings = {
				ALWAYS_EMBED_SWIFT_STANDARD_LIBRARIES = YES;
				CODE_SIGN_STYLE = Automatic;
				DEVELOPMENT_TEAM = 5WBGRJV88Z;
				INFOPLIST_FILE = MyGifsKitTests/Info.plist;
				LD_RUNPATH_SEARCH_PATHS = "$(inherited) @executable_path/Frameworks @loader_path/Frameworks";
				PRODUCT_BUNDLE_IDENTIFIER = com.rosenberger.MyGifsKitTests;
				PRODUCT_NAME = "$(TARGET_NAME)";
				SWIFT_VERSION = 4.0;
				TARGETED_DEVICE_FAMILY = "1,2";
			};
			name = Debug;
		};
		9326FDF32018408D00A87134 /* Release */ = {
			isa = XCBuildConfiguration;
			baseConfigurationReference = 4502E114410BC715D09C1AD8 /* Pods-MyGifsKit-MyGifsKitTests.release.xcconfig */;
			buildSettings = {
				ALWAYS_EMBED_SWIFT_STANDARD_LIBRARIES = YES;
				CODE_SIGN_STYLE = Automatic;
				DEVELOPMENT_TEAM = 5WBGRJV88Z;
				INFOPLIST_FILE = MyGifsKitTests/Info.plist;
				LD_RUNPATH_SEARCH_PATHS = "$(inherited) @executable_path/Frameworks @loader_path/Frameworks";
				PRODUCT_BUNDLE_IDENTIFIER = com.rosenberger.MyGifsKitTests;
				PRODUCT_NAME = "$(TARGET_NAME)";
				SWIFT_VERSION = 4.0;
				TARGETED_DEVICE_FAMILY = "1,2";
			};
			name = Release;
		};
/* End XCBuildConfiguration section */

/* Begin XCConfigurationList section */
		9326FDD42018408D00A87134 /* Build configuration list for PBXProject "MyGifsKit" */ = {
			isa = XCConfigurationList;
			buildConfigurations = (
				9326FDEC2018408D00A87134 /* Debug */,
				9326FDED2018408D00A87134 /* Release */,
			);
			defaultConfigurationIsVisible = 0;
			defaultConfigurationName = Release;
		};
		9326FDEE2018408D00A87134 /* Build configuration list for PBXNativeTarget "MyGifsKit" */ = {
			isa = XCConfigurationList;
			buildConfigurations = (
				9326FDEF2018408D00A87134 /* Debug */,
				9326FDF02018408D00A87134 /* Release */,
			);
			defaultConfigurationIsVisible = 0;
			defaultConfigurationName = Release;
		};
		9326FDF12018408D00A87134 /* Build configuration list for PBXNativeTarget "MyGifsKitTests" */ = {
			isa = XCConfigurationList;
			buildConfigurations = (
				9326FDF22018408D00A87134 /* Debug */,
				9326FDF32018408D00A87134 /* Release */,
			);
			defaultConfigurationIsVisible = 0;
			defaultConfigurationName = Release;
		};
/* End XCConfigurationList section */
	};
	rootObject = 9326FDD12018408D00A87134 /* Project object */;
}
