// !$*UTF8*$!
{
	archiveVersion = 1;
	classes = {
	};
	objectVersion = 48;
	objects = {

/* Begin PBXBuildFile section */
		930DD6E2200AF587000BE025 /* Assets.xcassets in Resources */ = {isa = PBXBuildFile; fileRef = 930DD6E1200AF587000BE025 /* Assets.xcassets */; };
		930DD6E9200AF587000BE025 /* MyGifs-iMessage MessagesExtension.appex in Embed App Extensions */ = {isa = PBXBuildFile; fileRef = 930DD6E8200AF587000BE025 /* MyGifs-iMessage MessagesExtension.appex */; settings = {ATTRIBUTES = (RemoveHeadersOnCopy, ); }; };
		930DD6EE200AF587000BE025 /* Messages.framework in Frameworks */ = {isa = PBXBuildFile; fileRef = 930DD6ED200AF587000BE025 /* Messages.framework */; };
		930DD6F1200AF587000BE025 /* MessagesViewController.swift in Sources */ = {isa = PBXBuildFile; fileRef = 930DD6F0200AF587000BE025 /* MessagesViewController.swift */; };
		930DD6F4200AF587000BE025 /* MainInterface.storyboard in Resources */ = {isa = PBXBuildFile; fileRef = 930DD6F2200AF587000BE025 /* MainInterface.storyboard */; };
		930DD6F6200AF587000BE025 /* Assets.xcassets in Resources */ = {isa = PBXBuildFile; fileRef = 930DD6F5200AF587000BE025 /* Assets.xcassets */; };
		9326FC4A201526C600A87134 /* GfyCollectionNodeController.swift in Sources */ = {isa = PBXBuildFile; fileRef = 9326FC47201526C600A87134 /* GfyCollectionNodeController.swift */; };
		9326FC4B201526C600A87134 /* GifCollectionNode.swift in Sources */ = {isa = PBXBuildFile; fileRef = 9326FC48201526C600A87134 /* GifCollectionNode.swift */; };
		9326FC4C201526C600A87134 /* MosaicCollectionViewLayout.swift in Sources */ = {isa = PBXBuildFile; fileRef = 9326FC49201526C600A87134 /* MosaicCollectionViewLayout.swift */; };
/* End PBXBuildFile section */

/* Begin PBXContainerItemProxy section */
		930DD6EA200AF587000BE025 /* PBXContainerItemProxy */ = {
			isa = PBXContainerItemProxy;
			containerPortal = 930DD6D8200AF587000BE025 /* Project object */;
			proxyType = 1;
			remoteGlobalIDString = 930DD6E7200AF587000BE025;
			remoteInfo = "MyGifs-iMessage MessagesExtension";
		};
/* End PBXContainerItemProxy section */

/* Begin PBXCopyFilesBuildPhase section */
		930DD6FD200AF587000BE025 /* Embed App Extensions */ = {
			isa = PBXCopyFilesBuildPhase;
			buildActionMask = 2147483647;
			dstPath = "";
			dstSubfolderSpec = 13;
			files = (
				930DD6E9200AF587000BE025 /* MyGifs-iMessage MessagesExtension.appex in Embed App Extensions */,
			);
			name = "Embed App Extensions";
			runOnlyForDeploymentPostprocessing = 0;
		};
/* End PBXCopyFilesBuildPhase section */

/* Begin PBXFileReference section */
		930DD6DE200AF587000BE025 /* MyGifs-iMessage.app */ = {isa = PBXFileReference; explicitFileType = wrapper.application; includeInIndex = 0; path = "MyGifs-iMessage.app"; sourceTree = BUILT_PRODUCTS_DIR; };
		930DD6E1200AF587000BE025 /* Assets.xcassets */ = {isa = PBXFileReference; lastKnownFileType = folder.assetcatalog; path = Assets.xcassets; sourceTree = "<group>"; };
		930DD6E3200AF587000BE025 /* Info.plist */ = {isa = PBXFileReference; lastKnownFileType = text.plist.xml; path = Info.plist; sourceTree = "<group>"; };
		930DD6E8200AF587000BE025 /* MyGifs-iMessage MessagesExtension.appex */ = {isa = PBXFileReference; explicitFileType = "wrapper.app-extension"; includeInIndex = 0; path = "MyGifs-iMessage MessagesExtension.appex"; sourceTree = BUILT_PRODUCTS_DIR; };
		930DD6ED200AF587000BE025 /* Messages.framework */ = {isa = PBXFileReference; lastKnownFileType = wrapper.framework; name = Messages.framework; path = System/Library/Frameworks/Messages.framework; sourceTree = SDKROOT; };
		930DD6F0200AF587000BE025 /* MessagesViewController.swift */ = {isa = PBXFileReference; lastKnownFileType = sourcecode.swift; path = MessagesViewController.swift; sourceTree = "<group>"; };
		930DD6F3200AF587000BE025 /* Base */ = {isa = PBXFileReference; lastKnownFileType = file.storyboard; name = Base; path = Base.lproj/MainInterface.storyboard; sourceTree = "<group>"; };
		930DD6F5200AF587000BE025 /* Assets.xcassets */ = {isa = PBXFileReference; lastKnownFileType = folder.assetcatalog; path = Assets.xcassets; sourceTree = "<group>"; };
		930DD6F7200AF587000BE025 /* Info.plist */ = {isa = PBXFileReference; lastKnownFileType = text.plist.xml; path = Info.plist; sourceTree = "<group>"; };
		9326FC47201526C600A87134 /* GfyCollectionNodeController.swift */ = {isa = PBXFileReference; fileEncoding = 4; lastKnownFileType = sourcecode.swift; path = GfyCollectionNodeController.swift; sourceTree = "<group>"; };
		9326FC48201526C600A87134 /* GifCollectionNode.swift */ = {isa = PBXFileReference; fileEncoding = 4; lastKnownFileType = sourcecode.swift; path = GifCollectionNode.swift; sourceTree = "<group>"; };
		9326FC49201526C600A87134 /* MosaicCollectionViewLayout.swift */ = {isa = PBXFileReference; fileEncoding = 4; lastKnownFileType = sourcecode.swift; path = MosaicCollectionViewLayout.swift; sourceTree = "<group>"; };
/* End PBXFileReference section */

/* Begin PBXFrameworksBuildPhase section */
		930DD6E5200AF587000BE025 /* Frameworks */ = {
			isa = PBXFrameworksBuildPhase;
			buildActionMask = 2147483647;
			files = (
				930DD6EE200AF587000BE025 /* Messages.framework in Frameworks */,
			);
			runOnlyForDeploymentPostprocessing = 0;
		};
/* End PBXFrameworksBuildPhase section */

/* Begin PBXGroup section */
		930DD6D7200AF587000BE025 = {
			isa = PBXGroup;
			children = (
				930DD6E0200AF587000BE025 /* MyGifs-iMessage */,
				930DD6EF200AF587000BE025 /* MyGifs-iMessage MessagesExtension */,
				930DD6EC200AF587000BE025 /* Frameworks */,
				930DD6DF200AF587000BE025 /* Products */,
			);
			sourceTree = "<group>";
		};
		930DD6DF200AF587000BE025 /* Products */ = {
			isa = PBXGroup;
			children = (
				930DD6DE200AF587000BE025 /* MyGifs-iMessage.app */,
				930DD6E8200AF587000BE025 /* MyGifs-iMessage MessagesExtension.appex */,
			);
			name = Products;
			sourceTree = "<group>";
		};
		930DD6E0200AF587000BE025 /* MyGifs-iMessage */ = {
			isa = PBXGroup;
			children = (
				930DD6E1200AF587000BE025 /* Assets.xcassets */,
				930DD6E3200AF587000BE025 /* Info.plist */,
			);
			path = "MyGifs-iMessage";
			sourceTree = "<group>";
		};
		930DD6EC200AF587000BE025 /* Frameworks */ = {
			isa = PBXGroup;
			children = (
				930DD6ED200AF587000BE025 /* Messages.framework */,
			);
			name = Frameworks;
			sourceTree = "<group>";
		};
		930DD6EF200AF587000BE025 /* MyGifs-iMessage MessagesExtension */ = {
			isa = PBXGroup;
			children = (
				9326FC47201526C600A87134 /* GfyCollectionNodeController.swift */,
				9326FC49201526C600A87134 /* MosaicCollectionViewLayout.swift */,
				9326FC48201526C600A87134 /* GifCollectionNode.swift */,
				930DD6F0200AF587000BE025 /* MessagesViewController.swift */,
				930DD6F2200AF587000BE025 /* MainInterface.storyboard */,
				930DD6F5200AF587000BE025 /* Assets.xcassets */,
				930DD6F7200AF587000BE025 /* Info.plist */,
			);
			path = "MyGifs-iMessage MessagesExtension";
			sourceTree = "<group>";
		};
/* End PBXGroup section */

/* Begin PBXNativeTarget section */
		930DD6DD200AF587000BE025 /* MyGifs-iMessage */ = {
			isa = PBXNativeTarget;
			buildConfigurationList = 930DD6FE200AF587000BE025 /* Build configuration list for PBXNativeTarget "MyGifs-iMessage" */;
			buildPhases = (
				930DD6DC200AF587000BE025 /* Resources */,
				930DD6FD200AF587000BE025 /* Embed App Extensions */,
			);
			buildRules = (
			);
			dependencies = (
				930DD6EB200AF587000BE025 /* PBXTargetDependency */,
			);
			name = "MyGifs-iMessage";
			productName = "MyGifs-iMessage";
			productReference = 930DD6DE200AF587000BE025 /* MyGifs-iMessage.app */;
			productType = "com.apple.product-type.application.messages";
		};
		930DD6E7200AF587000BE025 /* MyGifs-iMessage MessagesExtension */ = {
			isa = PBXNativeTarget;
			buildConfigurationList = 930DD6FA200AF587000BE025 /* Build configuration list for PBXNativeTarget "MyGifs-iMessage MessagesExtension" */;
			buildPhases = (
				930DD6E4200AF587000BE025 /* Sources */,
				930DD6E5200AF587000BE025 /* Frameworks */,
				930DD6E6200AF587000BE025 /* Resources */,
			);
			buildRules = (
			);
			dependencies = (
			);
			name = "MyGifs-iMessage MessagesExtension";
			productName = "MyGifs-iMessage MessagesExtension";
			productReference = 930DD6E8200AF587000BE025 /* MyGifs-iMessage MessagesExtension.appex */;
			productType = "com.apple.product-type.app-extension.messages";
		};
/* End PBXNativeTarget section */

/* Begin PBXProject section */
		930DD6D8200AF587000BE025 /* Project object */ = {
			isa = PBXProject;
			attributes = {
				LastSwiftUpdateCheck = 0920;
				LastUpgradeCheck = 0920;
				ORGANIZATIONNAME = "Aaron Rosenberger";
				TargetAttributes = {
					930DD6DD200AF587000BE025 = {
						CreatedOnToolsVersion = 9.2;
						ProvisioningStyle = Automatic;
					};
					930DD6E7200AF587000BE025 = {
						CreatedOnToolsVersion = 9.2;
						ProvisioningStyle = Automatic;
					};
				};
			};
			buildConfigurationList = 930DD6DB200AF587000BE025 /* Build configuration list for PBXProject "MyGifs-iMessage" */;
			compatibilityVersion = "Xcode 8.0";
			developmentRegion = en;
			hasScannedForEncodings = 0;
			knownRegions = (
				en,
				Base,
			);
			mainGroup = 930DD6D7200AF587000BE025;
			productRefGroup = 930DD6DF200AF587000BE025 /* Products */;
			projectDirPath = "";
			projectRoot = "";
			targets = (
				930DD6DD200AF587000BE025 /* MyGifs-iMessage */,
				930DD6E7200AF587000BE025 /* MyGifs-iMessage MessagesExtension */,
			);
		};
/* End PBXProject section */

/* Begin PBXResourcesBuildPhase section */
		930DD6DC200AF587000BE025 /* Resources */ = {
			isa = PBXResourcesBuildPhase;
			buildActionMask = 2147483647;
			files = (
				930DD6E2200AF587000BE025 /* Assets.xcassets in Resources */,
			);
			runOnlyForDeploymentPostprocessing = 0;
		};
		930DD6E6200AF587000BE025 /* Resources */ = {
			isa = PBXResourcesBuildPhase;
			buildActionMask = 2147483647;
			files = (
				930DD6F6200AF587000BE025 /* Assets.xcassets in Resources */,
				930DD6F4200AF587000BE025 /* MainInterface.storyboard in Resources */,
			);
			runOnlyForDeploymentPostprocessing = 0;
		};
/* End PBXResourcesBuildPhase section */

/* Begin PBXSourcesBuildPhase section */
		930DD6E4200AF587000BE025 /* Sources */ = {
			isa = PBXSourcesBuildPhase;
			buildActionMask = 2147483647;
			files = (
				9326FC4C201526C600A87134 /* MosaicCollectionViewLayout.swift in Sources */,
				9326FC4B201526C600A87134 /* GifCollectionNode.swift in Sources */,
				9326FC4A201526C600A87134 /* GfyCollectionNodeController.swift in Sources */,
				930DD6F1200AF587000BE025 /* MessagesViewController.swift in Sources */,
			);
			runOnlyForDeploymentPostprocessing = 0;
		};
/* End PBXSourcesBuildPhase section */

/* Begin PBXTargetDependency section */
		930DD6EB200AF587000BE025 /* PBXTargetDependency */ = {
			isa = PBXTargetDependency;
			target = 930DD6E7200AF587000BE025 /* MyGifs-iMessage MessagesExtension */;
			targetProxy = 930DD6EA200AF587000BE025 /* PBXContainerItemProxy */;
		};
/* End PBXTargetDependency section */

/* Begin PBXVariantGroup section */
		930DD6F2200AF587000BE025 /* MainInterface.storyboard */ = {
			isa = PBXVariantGroup;
			children = (
				930DD6F3200AF587000BE025 /* Base */,
			);
			name = MainInterface.storyboard;
			sourceTree = "<group>";
		};
/* End PBXVariantGroup section */

/* Begin XCBuildConfiguration section */
		930DD6F8200AF587000BE025 /* Debug */ = {
			isa = XCBuildConfiguration;
			buildSettings = {
				ALWAYS_SEARCH_USER_PATHS = NO;
				CLANG_ANALYZER_NONNULL = YES;
				CLANG_ANALYZER_NUMBER_OBJECT_CONVERSION = YES_AGGRESSIVE;
				CLANG_CXX_LANGUAGE_STANDARD = "gnu++14";
				CLANG_CXX_LIBRARY = "libc++";
				CLANG_ENABLE_MODULES = YES;
				CLANG_ENABLE_OBJC_ARC = YES;
				CLANG_WARN_BLOCK_CAPTURE_AUTORELEASING = YES;
				CLANG_WARN_BOOL_CONVERSION = YES;
				CLANG_WARN_COMMA = YES;
				CLANG_WARN_CONSTANT_CONVERSION = YES;
				CLANG_WARN_DIRECT_OBJC_ISA_USAGE = YES_ERROR;
				CLANG_WARN_DOCUMENTATION_COMMENTS = YES;
				CLANG_WARN_EMPTY_BODY = YES;
				CLANG_WARN_ENUM_CONVERSION = YES;
				CLANG_WARN_INFINITE_RECURSION = YES;
				CLANG_WARN_INT_CONVERSION = YES;
				CLANG_WARN_NON_LITERAL_NULL_CONVERSION = YES;
				CLANG_WARN_OBJC_LITERAL_CONVERSION = YES;
				CLANG_WARN_OBJC_ROOT_CLASS = YES_ERROR;
				CLANG_WARN_RANGE_LOOP_ANALYSIS = YES;
				CLANG_WARN_STRICT_PROTOTYPES = YES;
				CLANG_WARN_SUSPICIOUS_MOVE = YES;
				CLANG_WARN_UNGUARDED_AVAILABILITY = YES_AGGRESSIVE;
				CLANG_WARN_UNREACHABLE_CODE = YES;
				CLANG_WARN__DUPLICATE_METHOD_MATCH = YES;
				CODE_SIGN_IDENTITY = "iPhone Developer";
				COPY_PHASE_STRIP = NO;
				DEBUG_INFORMATION_FORMAT = dwarf;
				ENABLE_STRICT_OBJC_MSGSEND = YES;
				ENABLE_TESTABILITY = YES;
				GCC_C_LANGUAGE_STANDARD = gnu11;
				GCC_DYNAMIC_NO_PIC = NO;
				GCC_NO_COMMON_BLOCKS = YES;
				GCC_OPTIMIZATION_LEVEL = 0;
				GCC_PREPROCESSOR_DEFINITIONS = (
					"DEBUG=1",
					"$(inherited)",
				);
				GCC_WARN_64_TO_32_BIT_CONVERSION = YES;
				GCC_WARN_ABOUT_RETURN_TYPE = YES_ERROR;
				GCC_WARN_UNDECLARED_SELECTOR = YES;
				GCC_WARN_UNINITIALIZED_AUTOS = YES_AGGRESSIVE;
				GCC_WARN_UNUSED_FUNCTION = YES;
				GCC_WARN_UNUSED_VARIABLE = YES;
				IPHONEOS_DEPLOYMENT_TARGET = 11.2;
				MTL_ENABLE_DEBUG_INFO = YES;
				ONLY_ACTIVE_ARCH = YES;
				SDKROOT = iphoneos;
				SWIFT_ACTIVE_COMPILATION_CONDITIONS = DEBUG;
				SWIFT_OPTIMIZATION_LEVEL = "-Onone";
			};
			name = Debug;
		};
		930DD6F9200AF587000BE025 /* Release */ = {
			isa = XCBuildConfiguration;
			buildSettings = {
				ALWAYS_SEARCH_USER_PATHS = NO;
				CLANG_ANALYZER_NONNULL = YES;
				CLANG_ANALYZER_NUMBER_OBJECT_CONVERSION = YES_AGGRESSIVE;
				CLANG_CXX_LANGUAGE_STANDARD = "gnu++14";
				CLANG_CXX_LIBRARY = "libc++";
				CLANG_ENABLE_MODULES = YES;
				CLANG_ENABLE_OBJC_ARC = YES;
				CLANG_WARN_BLOCK_CAPTURE_AUTORELEASING = YES;
				CLANG_WARN_BOOL_CONVERSION = YES;
				CLANG_WARN_COMMA = YES;
				CLANG_WARN_CONSTANT_CONVERSION = YES;
				CLANG_WARN_DIRECT_OBJC_ISA_USAGE = YES_ERROR;
				CLANG_WARN_DOCUMENTATION_COMMENTS = YES;
				CLANG_WARN_EMPTY_BODY = YES;
				CLANG_WARN_ENUM_CONVERSION = YES;
				CLANG_WARN_INFINITE_RECURSION = YES;
				CLANG_WARN_INT_CONVERSION = YES;
				CLANG_WARN_NON_LITERAL_NULL_CONVERSION = YES;
				CLANG_WARN_OBJC_LITERAL_CONVERSION = YES;
				CLANG_WARN_OBJC_ROOT_CLASS = YES_ERROR;
				CLANG_WARN_RANGE_LOOP_ANALYSIS = YES;
				CLANG_WARN_STRICT_PROTOTYPES = YES;
				CLANG_WARN_SUSPICIOUS_MOVE = YES;
				CLANG_WARN_UNGUARDED_AVAILABILITY = YES_AGGRESSIVE;
				CLANG_WARN_UNREACHABLE_CODE = YES;
				CLANG_WARN__DUPLICATE_METHOD_MATCH = YES;
				CODE_SIGN_IDENTITY = "iPhone Developer";
				COPY_PHASE_STRIP = NO;
				DEBUG_INFORMATION_FORMAT = "dwarf-with-dsym";
				ENABLE_NS_ASSERTIONS = NO;
				ENABLE_STRICT_OBJC_MSGSEND = YES;
				GCC_C_LANGUAGE_STANDARD = gnu11;
				GCC_NO_COMMON_BLOCKS = YES;
				GCC_WARN_64_TO_32_BIT_CONVERSION = YES;
				GCC_WARN_ABOUT_RETURN_TYPE = YES_ERROR;
				GCC_WARN_UNDECLARED_SELECTOR = YES;
				GCC_WARN_UNINITIALIZED_AUTOS = YES_AGGRESSIVE;
				GCC_WARN_UNUSED_FUNCTION = YES;
				GCC_WARN_UNUSED_VARIABLE = YES;
				IPHONEOS_DEPLOYMENT_TARGET = 11.2;
				MTL_ENABLE_DEBUG_INFO = NO;
				SDKROOT = iphoneos;
				SWIFT_OPTIMIZATION_LEVEL = "-Owholemodule";
				VALIDATE_PRODUCT = YES;
			};
			name = Release;
		};
		930DD6FB200AF587000BE025 /* Debug */ = {
			isa = XCBuildConfiguration;
			buildSettings = {
				ASSETCATALOG_COMPILER_APPICON_NAME = "iMessage App Icon";
				CODE_SIGN_STYLE = Automatic;
				DEVELOPMENT_TEAM = 5WBGRJV88Z;
				INFOPLIST_FILE = "MyGifs-iMessage MessagesExtension/Info.plist";
				LD_RUNPATH_SEARCH_PATHS = "$(inherited) @executable_path/Frameworks @executable_path/../../Frameworks";
				PRODUCT_BUNDLE_IDENTIFIER = "com.rosenberger.MyGifs-iMessage.MessagesExtension";
				PRODUCT_NAME = "$(TARGET_NAME)";
				SKIP_INSTALL = YES;
				SWIFT_VERSION = 4.0;
				TARGETED_DEVICE_FAMILY = "1,2";
			};
			name = Debug;
		};
		930DD6FC200AF587000BE025 /* Release */ = {
			isa = XCBuildConfiguration;
			buildSettings = {
				ASSETCATALOG_COMPILER_APPICON_NAME = "iMessage App Icon";
				CODE_SIGN_STYLE = Automatic;
				DEVELOPMENT_TEAM = 5WBGRJV88Z;
				INFOPLIST_FILE = "MyGifs-iMessage MessagesExtension/Info.plist";
				LD_RUNPATH_SEARCH_PATHS = "$(inherited) @executable_path/Frameworks @executable_path/../../Frameworks";
				PRODUCT_BUNDLE_IDENTIFIER = "com.rosenberger.MyGifs-iMessage.MessagesExtension";
				PRODUCT_NAME = "$(TARGET_NAME)";
				SKIP_INSTALL = YES;
				SWIFT_VERSION = 4.0;
				TARGETED_DEVICE_FAMILY = "1,2";
			};
			name = Release;
		};
		930DD6FF200AF587000BE025 /* Debug */ = {
			isa = XCBuildConfiguration;
			buildSettings = {
				ALWAYS_EMBED_SWIFT_STANDARD_LIBRARIES = YES;
				ASSETCATALOG_COMPILER_APPICON_NAME = AppIcon;
				CODE_SIGN_STYLE = Automatic;
				DEVELOPMENT_TEAM = 5WBGRJV88Z;
				INFOPLIST_FILE = "MyGifs-iMessage/Info.plist";
				PRODUCT_BUNDLE_IDENTIFIER = "com.rosenberger.MyGifs-iMessage";
				PRODUCT_NAME = "$(TARGET_NAME)";
				SWIFT_VERSION = 4.0;
				TARGETED_DEVICE_FAMILY = "1,2";
			};
			name = Debug;
		};
		930DD700200AF587000BE025 /* Release */ = {
			isa = XCBuildConfiguration;
			buildSettings = {
				ALWAYS_EMBED_SWIFT_STANDARD_LIBRARIES = YES;
				ASSETCATALOG_COMPILER_APPICON_NAME = AppIcon;
				CODE_SIGN_STYLE = Automatic;
				DEVELOPMENT_TEAM = 5WBGRJV88Z;
				INFOPLIST_FILE = "MyGifs-iMessage/Info.plist";
				PRODUCT_BUNDLE_IDENTIFIER = "com.rosenberger.MyGifs-iMessage";
				PRODUCT_NAME = "$(TARGET_NAME)";
				SWIFT_VERSION = 4.0;
				TARGETED_DEVICE_FAMILY = "1,2";
			};
			name = Release;
		};
/* End XCBuildConfiguration section */

/* Begin XCConfigurationList section */
		930DD6DB200AF587000BE025 /* Build configuration list for PBXProject "MyGifs-iMessage" */ = {
			isa = XCConfigurationList;
			buildConfigurations = (
				930DD6F8200AF587000BE025 /* Debug */,
				930DD6F9200AF587000BE025 /* Release */,
			);
			defaultConfigurationIsVisible = 0;
			defaultConfigurationName = Release;
		};
		930DD6FA200AF587000BE025 /* Build configuration list for PBXNativeTarget "MyGifs-iMessage MessagesExtension" */ = {
			isa = XCConfigurationList;
			buildConfigurations = (
				930DD6FB200AF587000BE025 /* Debug */,
				930DD6FC200AF587000BE025 /* Release */,
			);
			defaultConfigurationIsVisible = 0;
			defaultConfigurationName = Release;
		};
		930DD6FE200AF587000BE025 /* Build configuration list for PBXNativeTarget "MyGifs-iMessage" */ = {
			isa = XCConfigurationList;
			buildConfigurations = (
				930DD6FF200AF587000BE025 /* Debug */,
				930DD700200AF587000BE025 /* Release */,
			);
			defaultConfigurationIsVisible = 0;
			defaultConfigurationName = Release;
		};
/* End XCConfigurationList section */
	};
	rootObject = 930DD6D8200AF587000BE025 /* Project object */;
}
